// !$*UTF8*$!
{
	archiveVersion = 1;
	classes = {
	};
	objectVersion = 50;
	objects = {

/* Begin PBXBuildFile section */
		0758524522E5A2F2008CE1E1 /* AppDelegate.swift in Sources */ = {isa = PBXBuildFile; fileRef = 0758524422E5A2F2008CE1E1 /* AppDelegate.swift */; };
		0758524722E5A2F2008CE1E1 /* MainViewController.swift in Sources */ = {isa = PBXBuildFile; fileRef = 0758524622E5A2F2008CE1E1 /* MainViewController.swift */; };
		0758524A22E5A2F2008CE1E1 /* Main.storyboard in Resources */ = {isa = PBXBuildFile; fileRef = 0758524822E5A2F2008CE1E1 /* Main.storyboard */; };
		0758524D22E5A2F2008CE1E1 /* VODApp.xcdatamodeld in Sources */ = {isa = PBXBuildFile; fileRef = 0758524B22E5A2F2008CE1E1 /* VODApp.xcdatamodeld */; };
		0758524F22E5A2F3008CE1E1 /* Assets.xcassets in Resources */ = {isa = PBXBuildFile; fileRef = 0758524E22E5A2F3008CE1E1 /* Assets.xcassets */; };
		0758525222E5A2F3008CE1E1 /* LaunchScreen.storyboard in Resources */ = {isa = PBXBuildFile; fileRef = 0758525022E5A2F3008CE1E1 /* LaunchScreen.storyboard */; };
		0758525D22E5A2F3008CE1E1 /* VODAppTests.swift in Sources */ = {isa = PBXBuildFile; fileRef = 0758525C22E5A2F3008CE1E1 /* VODAppTests.swift */; };
		0758527622E5AA06008CE1E1 /* ACSimulatorRemoteNotificationsService.m in Sources */ = {isa = PBXBuildFile; fileRef = 0758527522E5AA06008CE1E1 /* ACSimulatorRemoteNotificationsService.m */; };
		0758527922E5AA0F008CE1E1 /* UIApplication+SimulatorRemoteNotifications.m in Sources */ = {isa = PBXBuildFile; fileRef = 0758527722E5AA0F008CE1E1 /* UIApplication+SimulatorRemoteNotifications.m */; };
		0758527B22E5B6E7008CE1E1 /* PlayListItemVO.swift in Sources */ = {isa = PBXBuildFile; fileRef = 0758527A22E5B6E7008CE1E1 /* PlayListItemVO.swift */; };
		0758527F22E5BD67008CE1E1 /* playlist.json in Resources */ = {isa = PBXBuildFile; fileRef = 0758527D22E5BBDB008CE1E1 /* playlist.json */; };
		0758528022E5BD9C008CE1E1 /* playlist.json in Resources */ = {isa = PBXBuildFile; fileRef = 0758527D22E5BBDB008CE1E1 /* playlist.json */; };
		0758528422E5CB42008CE1E1 /* DownloadService.swift in Sources */ = {isa = PBXBuildFile; fileRef = 0758528322E5CB42008CE1E1 /* DownloadService.swift */; };
		0758528622E5CB9B008CE1E1 /* Download.swift in Sources */ = {isa = PBXBuildFile; fileRef = 0758528522E5CB9B008CE1E1 /* Download.swift */; };
		0758528822E5CC07008CE1E1 /* DServiceSessionDelegate.swift in Sources */ = {isa = PBXBuildFile; fileRef = 0758528722E5CC07008CE1E1 /* DServiceSessionDelegate.swift */; };
		07EA71C422E76B2500B14A60 /* OneSignal.framework in Frameworks */ = {isa = PBXBuildFile; fileRef = 07EA71C322E76B2400B14A60 /* OneSignal.framework */; };
		07EA71C522E76B2500B14A60 /* OneSignal.framework in Embed Frameworks */ = {isa = PBXBuildFile; fileRef = 07EA71C322E76B2400B14A60 /* OneSignal.framework */; settings = {ATTRIBUTES = (RemoveHeadersOnCopy, ); }; };
		07EA71CE22E79B2200B14A60 /* String+Helper.swift in Sources */ = {isa = PBXBuildFile; fileRef = 07EA71CD22E79B2200B14A60 /* String+Helper.swift */; };
		07EA71D022E79B3D00B14A60 /* Notification+Constants.swift in Sources */ = {isa = PBXBuildFile; fileRef = 07EA71CF22E79B3D00B14A60 /* Notification+Constants.swift */; };
		07EA71D222E79B6E00B14A60 /* UIColor+Helpers.swift in Sources */ = {isa = PBXBuildFile; fileRef = 07EA71D122E79B6E00B14A60 /* UIColor+Helpers.swift */; };
		07EA71D422E79C0F00B14A60 /* Fonts.swift in Sources */ = {isa = PBXBuildFile; fileRef = 07EA71D322E79C0F00B14A60 /* Fonts.swift */; };
		07EA71D622E79C6400B14A60 /* UIFont+Types.swift in Sources */ = {isa = PBXBuildFile; fileRef = 07EA71D522E79C6400B14A60 /* UIFont+Types.swift */; };
		07EA71D822E79CC800B14A60 /* Color.swift in Sources */ = {isa = PBXBuildFile; fileRef = 07EA71D722E79CC800B14A60 /* Color.swift */; };
		07EA71DA22E79D5A00B14A60 /* Constants.swift in Sources */ = {isa = PBXBuildFile; fileRef = 07EA71D922E79D5A00B14A60 /* Constants.swift */; };
		07EA71DC22E79E9E00B14A60 /* AppDelegate+Functions.swift in Sources */ = {isa = PBXBuildFile; fileRef = 07EA71DB22E79E9E00B14A60 /* AppDelegate+Functions.swift */; };
		07EA71DE22E79F8200B14A60 /* AppDelegate+Push.swift in Sources */ = {isa = PBXBuildFile; fileRef = 07EA71DD22E79F8200B14A60 /* AppDelegate+Push.swift */; };
		07EA71E122E7A60300B14A60 /* PlayListRepository.swift in Sources */ = {isa = PBXBuildFile; fileRef = 07EA71E022E7A60300B14A60 /* PlayListRepository.swift */; };
		07EA71E322E7A72400B14A60 /* CoreDataDAO.swift in Sources */ = {isa = PBXBuildFile; fileRef = 07EA71E222E7A72400B14A60 /* CoreDataDAO.swift */; };
		07EA71E622E7BCE800B14A60 /* PlayListViewController.swift in Sources */ = {isa = PBXBuildFile; fileRef = 07EA71E522E7BCE800B14A60 /* PlayListViewController.swift */; };
		07EA720B22E7D58D00B14A60 /* VersaPlayerControlsBehaviour.swift in Sources */ = {isa = PBXBuildFile; fileRef = 07EA71F322E7D58D00B14A60 /* VersaPlayerControlsBehaviour.swift */; };
		07EA720C22E7D58D00B14A60 /* VersaPlayerGestureRecieverView.swift in Sources */ = {isa = PBXBuildFile; fileRef = 07EA71F422E7D58D00B14A60 /* VersaPlayerGestureRecieverView.swift */; };
		07EA720D22E7D58D00B14A60 /* VersaPlayerGestureRecieverViewDelegate.swift in Sources */ = {isa = PBXBuildFile; fileRef = 07EA71F522E7D58D00B14A60 /* VersaPlayerGestureRecieverViewDelegate.swift */; };
		07EA720E22E7D58D00B14A60 /* VersaTimeLabel.swift in Sources */ = {isa = PBXBuildFile; fileRef = 07EA71F722E7D58D00B14A60 /* VersaTimeLabel.swift */; };
		07EA720F22E7D58D00B14A60 /* VersaStatefulButton.swift in Sources */ = {isa = PBXBuildFile; fileRef = 07EA71F822E7D58D00B14A60 /* VersaStatefulButton.swift */; };
		07EA721022E7D58D00B14A60 /* VersaSeekbarSlider.swift in Sources */ = {isa = PBXBuildFile; fileRef = 07EA71F922E7D58D00B14A60 /* VersaSeekbarSlider.swift */; };
		07EA721122E7D58D00B14A60 /* VersaPlayerControls.swift in Sources */ = {isa = PBXBuildFile; fileRef = 07EA71FA22E7D58D00B14A60 /* VersaPlayerControls.swift */; };
		07EA721222E7D58D00B14A60 /* VersaPlayerControlsCoordinator.swift in Sources */ = {isa = PBXBuildFile; fileRef = 07EA71FB22E7D58D00B14A60 /* VersaPlayerControlsCoordinator.swift */; };
		07EA721322E7D58D00B14A60 /* VersaPlayerView.swift in Sources */ = {isa = PBXBuildFile; fileRef = 07EA71FC22E7D58D00B14A60 /* VersaPlayerView.swift */; };
		07EA721422E7D58D00B14A60 /* VersaPlayerPlaybackError.swift in Sources */ = {isa = PBXBuildFile; fileRef = 07EA71FF22E7D58D00B14A60 /* VersaPlayerPlaybackError.swift */; };
		07EA721522E7D58D00B14A60 /* VersaPlayerRenderingView.swift in Sources */ = {isa = PBXBuildFile; fileRef = 07EA720122E7D58D00B14A60 /* VersaPlayerRenderingView.swift */; };
		07EA721622E7D58D00B14A60 /* VersaPlayerDecryptionDelegate.swift in Sources */ = {isa = PBXBuildFile; fileRef = 07EA720322E7D58D00B14A60 /* VersaPlayerDecryptionDelegate.swift */; };
		07EA721722E7D58D00B14A60 /* VersaPlayerPlaybackDelegate.swift in Sources */ = {isa = PBXBuildFile; fileRef = 07EA720422E7D58D00B14A60 /* VersaPlayerPlaybackDelegate.swift */; };
		07EA721822E7D58D00B14A60 /* VersaPlayerExtension.swift in Sources */ = {isa = PBXBuildFile; fileRef = 07EA720522E7D58D00B14A60 /* VersaPlayerExtension.swift */; };
		07EA721922E7D58D00B14A60 /* VersaPlayerMediaTrack.swift in Sources */ = {isa = PBXBuildFile; fileRef = 07EA720722E7D58D00B14A60 /* VersaPlayerMediaTrack.swift */; };
		07EA721A22E7D58D00B14A60 /* VersaPlayer.swift in Sources */ = {isa = PBXBuildFile; fileRef = 07EA720822E7D58D00B14A60 /* VersaPlayer.swift */; };
		07EA721B22E7D58D00B14A60 /* VersaPlayerCaptionStyling.swift in Sources */ = {isa = PBXBuildFile; fileRef = 07EA720922E7D58D00B14A60 /* VersaPlayerCaptionStyling.swift */; };
		07EA721C22E7D58D00B14A60 /* VersaPlayerItem.swift in Sources */ = {isa = PBXBuildFile; fileRef = 07EA720A22E7D58D00B14A60 /* VersaPlayerItem.swift */; };
		07EA721E22E851BE00B14A60 /* VideoDataStore.swift in Sources */ = {isa = PBXBuildFile; fileRef = 07EA721D22E851BE00B14A60 /* VideoDataStore.swift */; };
		07EA722222E8605E00B14A60 /* ISHPullUp.framework in Frameworks */ = {isa = PBXBuildFile; fileRef = 07EA722122E8605E00B14A60 /* ISHPullUp.framework */; };
		07EA722322E8605E00B14A60 /* ISHPullUp.framework in Embed Frameworks */ = {isa = PBXBuildFile; fileRef = 07EA722122E8605E00B14A60 /* ISHPullUp.framework */; settings = {ATTRIBUTES = (CodeSignOnCopy, RemoveHeadersOnCopy, ); }; };
		07EA722522E861A700B14A60 /* ContainerViewController.swift in Sources */ = {isa = PBXBuildFile; fileRef = 07EA722422E861A700B14A60 /* ContainerViewController.swift */; };
/* End PBXBuildFile section */

/* Begin PBXContainerItemProxy section */
		0758525922E5A2F3008CE1E1 /* PBXContainerItemProxy */ = {
			isa = PBXContainerItemProxy;
			containerPortal = 0758523922E5A2F2008CE1E1 /* Project object */;
			proxyType = 1;
			remoteGlobalIDString = 0758524022E5A2F2008CE1E1;
			remoteInfo = VODApp;
		};
/* End PBXContainerItemProxy section */

/* Begin PBXCopyFilesBuildPhase section */
		07EA71C622E76B2500B14A60 /* Embed Frameworks */ = {
			isa = PBXCopyFilesBuildPhase;
			buildActionMask = 2147483647;
			dstPath = "";
			dstSubfolderSpec = 10;
			files = (
				07EA71C522E76B2500B14A60 /* OneSignal.framework in Embed Frameworks */,
				07EA722322E8605E00B14A60 /* ISHPullUp.framework in Embed Frameworks */,
			);
			name = "Embed Frameworks";
			runOnlyForDeploymentPostprocessing = 0;
		};
/* End PBXCopyFilesBuildPhase section */

/* Begin PBXFileReference section */
		0758524122E5A2F2008CE1E1 /* VODApp.app */ = {isa = PBXFileReference; explicitFileType = wrapper.application; includeInIndex = 0; path = VODApp.app; sourceTree = BUILT_PRODUCTS_DIR; };
		0758524422E5A2F2008CE1E1 /* AppDelegate.swift */ = {isa = PBXFileReference; lastKnownFileType = sourcecode.swift; path = AppDelegate.swift; sourceTree = "<group>"; };
		0758524622E5A2F2008CE1E1 /* MainViewController.swift */ = {isa = PBXFileReference; lastKnownFileType = sourcecode.swift; path = MainViewController.swift; sourceTree = "<group>"; };
		0758524922E5A2F2008CE1E1 /* Base */ = {isa = PBXFileReference; lastKnownFileType = file.storyboard; name = Base; path = Base.lproj/Main.storyboard; sourceTree = "<group>"; };
		0758524C22E5A2F2008CE1E1 /* VODApp.xcdatamodel */ = {isa = PBXFileReference; lastKnownFileType = wrapper.xcdatamodel; path = VODApp.xcdatamodel; sourceTree = "<group>"; };
		0758524E22E5A2F3008CE1E1 /* Assets.xcassets */ = {isa = PBXFileReference; lastKnownFileType = folder.assetcatalog; path = Assets.xcassets; sourceTree = "<group>"; };
		0758525122E5A2F3008CE1E1 /* Base */ = {isa = PBXFileReference; lastKnownFileType = file.storyboard; name = Base; path = Base.lproj/LaunchScreen.storyboard; sourceTree = "<group>"; };
		0758525322E5A2F3008CE1E1 /* Info.plist */ = {isa = PBXFileReference; lastKnownFileType = text.plist.xml; path = Info.plist; sourceTree = "<group>"; };
		0758525822E5A2F3008CE1E1 /* VODAppTests.xctest */ = {isa = PBXFileReference; explicitFileType = wrapper.cfbundle; includeInIndex = 0; path = VODAppTests.xctest; sourceTree = BUILT_PRODUCTS_DIR; };
		0758525C22E5A2F3008CE1E1 /* VODAppTests.swift */ = {isa = PBXFileReference; lastKnownFileType = sourcecode.swift; path = VODAppTests.swift; sourceTree = "<group>"; };
		0758525E22E5A2F3008CE1E1 /* Info.plist */ = {isa = PBXFileReference; lastKnownFileType = text.plist.xml; path = Info.plist; sourceTree = "<group>"; };
		0758527322E5AA05008CE1E1 /* VODApp-Bridging-Header.h */ = {isa = PBXFileReference; lastKnownFileType = sourcecode.c.h; path = "VODApp-Bridging-Header.h"; sourceTree = "<group>"; };
		0758527422E5AA05008CE1E1 /* ACSimulatorRemoteNotificationsService.h */ = {isa = PBXFileReference; fileEncoding = 4; lastKnownFileType = sourcecode.c.h; path = ACSimulatorRemoteNotificationsService.h; sourceTree = "<group>"; };
		0758527522E5AA06008CE1E1 /* ACSimulatorRemoteNotificationsService.m */ = {isa = PBXFileReference; fileEncoding = 4; lastKnownFileType = sourcecode.c.objc; path = ACSimulatorRemoteNotificationsService.m; sourceTree = "<group>"; };
		0758527722E5AA0F008CE1E1 /* UIApplication+SimulatorRemoteNotifications.m */ = {isa = PBXFileReference; fileEncoding = 4; lastKnownFileType = sourcecode.c.objc; path = "UIApplication+SimulatorRemoteNotifications.m"; sourceTree = "<group>"; };
		0758527822E5AA0F008CE1E1 /* UIApplication+SimulatorRemoteNotifications.h */ = {isa = PBXFileReference; fileEncoding = 4; lastKnownFileType = sourcecode.c.h; path = "UIApplication+SimulatorRemoteNotifications.h"; sourceTree = "<group>"; };
		0758527A22E5B6E7008CE1E1 /* PlayListItemVO.swift */ = {isa = PBXFileReference; lastKnownFileType = sourcecode.swift; path = PlayListItemVO.swift; sourceTree = "<group>"; };
		0758527D22E5BBDB008CE1E1 /* playlist.json */ = {isa = PBXFileReference; lastKnownFileType = text.json; path = playlist.json; sourceTree = "<group>"; };
		0758527E22E5BC08008CE1E1 /* payload.json */ = {isa = PBXFileReference; lastKnownFileType = text.json; path = payload.json; sourceTree = "<group>"; };
		0758528322E5CB42008CE1E1 /* DownloadService.swift */ = {isa = PBXFileReference; fileEncoding = 4; lastKnownFileType = sourcecode.swift; path = DownloadService.swift; sourceTree = "<group>"; };
		0758528522E5CB9B008CE1E1 /* Download.swift */ = {isa = PBXFileReference; lastKnownFileType = sourcecode.swift; path = Download.swift; sourceTree = "<group>"; };
		0758528722E5CC07008CE1E1 /* DServiceSessionDelegate.swift */ = {isa = PBXFileReference; lastKnownFileType = sourcecode.swift; path = DServiceSessionDelegate.swift; sourceTree = "<group>"; };
		07EA71C322E76B2400B14A60 /* OneSignal.framework */ = {isa = PBXFileReference; lastKnownFileType = wrapper.framework; name = OneSignal.framework; path = Carthage/Build/iOS/OneSignal.framework; sourceTree = "<group>"; };
		07EA71C822E76B9100B14A60 /* VODApp.entitlements */ = {isa = PBXFileReference; lastKnownFileType = text.plist.entitlements; path = VODApp.entitlements; sourceTree = "<group>"; };
		07EA71CD22E79B2200B14A60 /* String+Helper.swift */ = {isa = PBXFileReference; lastKnownFileType = sourcecode.swift; path = "String+Helper.swift"; sourceTree = "<group>"; };
		07EA71CF22E79B3D00B14A60 /* Notification+Constants.swift */ = {isa = PBXFileReference; lastKnownFileType = sourcecode.swift; path = "Notification+Constants.swift"; sourceTree = "<group>"; };
		07EA71D122E79B6E00B14A60 /* UIColor+Helpers.swift */ = {isa = PBXFileReference; lastKnownFileType = sourcecode.swift; path = "UIColor+Helpers.swift"; sourceTree = "<group>"; };
		07EA71D322E79C0F00B14A60 /* Fonts.swift */ = {isa = PBXFileReference; lastKnownFileType = sourcecode.swift; path = Fonts.swift; sourceTree = "<group>"; };
		07EA71D522E79C6400B14A60 /* UIFont+Types.swift */ = {isa = PBXFileReference; lastKnownFileType = sourcecode.swift; path = "UIFont+Types.swift"; sourceTree = "<group>"; };
		07EA71D722E79CC800B14A60 /* Color.swift */ = {isa = PBXFileReference; lastKnownFileType = sourcecode.swift; path = Color.swift; sourceTree = "<group>"; };
		07EA71D922E79D5A00B14A60 /* Constants.swift */ = {isa = PBXFileReference; lastKnownFileType = sourcecode.swift; path = Constants.swift; sourceTree = "<group>"; };
		07EA71DB22E79E9E00B14A60 /* AppDelegate+Functions.swift */ = {isa = PBXFileReference; lastKnownFileType = sourcecode.swift; path = "AppDelegate+Functions.swift"; sourceTree = "<group>"; };
		07EA71DD22E79F8200B14A60 /* AppDelegate+Push.swift */ = {isa = PBXFileReference; lastKnownFileType = sourcecode.swift; path = "AppDelegate+Push.swift"; sourceTree = "<group>"; };
		07EA71E022E7A60300B14A60 /* PlayListRepository.swift */ = {isa = PBXFileReference; lastKnownFileType = sourcecode.swift; path = PlayListRepository.swift; sourceTree = "<group>"; };
		07EA71E222E7A72400B14A60 /* CoreDataDAO.swift */ = {isa = PBXFileReference; lastKnownFileType = sourcecode.swift; path = CoreDataDAO.swift; sourceTree = "<group>"; };
		07EA71E522E7BCE800B14A60 /* PlayListViewController.swift */ = {isa = PBXFileReference; lastKnownFileType = sourcecode.swift; path = PlayListViewController.swift; sourceTree = "<group>"; };
		07EA71F322E7D58D00B14A60 /* VersaPlayerControlsBehaviour.swift */ = {isa = PBXFileReference; fileEncoding = 4; lastKnownFileType = sourcecode.swift; path = VersaPlayerControlsBehaviour.swift; sourceTree = "<group>"; };
		07EA71F422E7D58D00B14A60 /* VersaPlayerGestureRecieverView.swift */ = {isa = PBXFileReference; fileEncoding = 4; lastKnownFileType = sourcecode.swift; path = VersaPlayerGestureRecieverView.swift; sourceTree = "<group>"; };
		07EA71F522E7D58D00B14A60 /* VersaPlayerGestureRecieverViewDelegate.swift */ = {isa = PBXFileReference; fileEncoding = 4; lastKnownFileType = sourcecode.swift; path = VersaPlayerGestureRecieverViewDelegate.swift; sourceTree = "<group>"; };
		07EA71F722E7D58D00B14A60 /* VersaTimeLabel.swift */ = {isa = PBXFileReference; fileEncoding = 4; lastKnownFileType = sourcecode.swift; path = VersaTimeLabel.swift; sourceTree = "<group>"; };
		07EA71F822E7D58D00B14A60 /* VersaStatefulButton.swift */ = {isa = PBXFileReference; fileEncoding = 4; lastKnownFileType = sourcecode.swift; path = VersaStatefulButton.swift; sourceTree = "<group>"; };
		07EA71F922E7D58D00B14A60 /* VersaSeekbarSlider.swift */ = {isa = PBXFileReference; fileEncoding = 4; lastKnownFileType = sourcecode.swift; path = VersaSeekbarSlider.swift; sourceTree = "<group>"; };
		07EA71FA22E7D58D00B14A60 /* VersaPlayerControls.swift */ = {isa = PBXFileReference; fileEncoding = 4; lastKnownFileType = sourcecode.swift; path = VersaPlayerControls.swift; sourceTree = "<group>"; };
		07EA71FB22E7D58D00B14A60 /* VersaPlayerControlsCoordinator.swift */ = {isa = PBXFileReference; fileEncoding = 4; lastKnownFileType = sourcecode.swift; path = VersaPlayerControlsCoordinator.swift; sourceTree = "<group>"; };
		07EA71FC22E7D58D00B14A60 /* VersaPlayerView.swift */ = {isa = PBXFileReference; fileEncoding = 4; lastKnownFileType = sourcecode.swift; name = VersaPlayerView.swift; path = Carthage/Checkouts/VersaPlayer/VersaPlayer/Classes/Source/VersaPlayerView.swift; sourceTree = SOURCE_ROOT; };
		07EA71FF22E7D58D00B14A60 /* VersaPlayerPlaybackError.swift */ = {isa = PBXFileReference; fileEncoding = 4; lastKnownFileType = sourcecode.swift; path = VersaPlayerPlaybackError.swift; sourceTree = "<group>"; };
		07EA720122E7D58D00B14A60 /* VersaPlayerRenderingView.swift */ = {isa = PBXFileReference; fileEncoding = 4; lastKnownFileType = sourcecode.swift; path = VersaPlayerRenderingView.swift; sourceTree = "<group>"; };
		07EA720322E7D58D00B14A60 /* VersaPlayerDecryptionDelegate.swift */ = {isa = PBXFileReference; fileEncoding = 4; lastKnownFileType = sourcecode.swift; path = VersaPlayerDecryptionDelegate.swift; sourceTree = "<group>"; };
		07EA720422E7D58D00B14A60 /* VersaPlayerPlaybackDelegate.swift */ = {isa = PBXFileReference; fileEncoding = 4; lastKnownFileType = sourcecode.swift; path = VersaPlayerPlaybackDelegate.swift; sourceTree = "<group>"; };
		07EA720522E7D58D00B14A60 /* VersaPlayerExtension.swift */ = {isa = PBXFileReference; fileEncoding = 4; lastKnownFileType = sourcecode.swift; path = VersaPlayerExtension.swift; sourceTree = "<group>"; };
		07EA720722E7D58D00B14A60 /* VersaPlayerMediaTrack.swift */ = {isa = PBXFileReference; fileEncoding = 4; lastKnownFileType = sourcecode.swift; path = VersaPlayerMediaTrack.swift; sourceTree = "<group>"; };
		07EA720822E7D58D00B14A60 /* VersaPlayer.swift */ = {isa = PBXFileReference; fileEncoding = 4; lastKnownFileType = sourcecode.swift; path = VersaPlayer.swift; sourceTree = "<group>"; };
		07EA720922E7D58D00B14A60 /* VersaPlayerCaptionStyling.swift */ = {isa = PBXFileReference; fileEncoding = 4; lastKnownFileType = sourcecode.swift; path = VersaPlayerCaptionStyling.swift; sourceTree = "<group>"; };
		07EA720A22E7D58D00B14A60 /* VersaPlayerItem.swift */ = {isa = PBXFileReference; fileEncoding = 4; lastKnownFileType = sourcecode.swift; path = VersaPlayerItem.swift; sourceTree = "<group>"; };
		07EA721D22E851BE00B14A60 /* VideoDataStore.swift */ = {isa = PBXFileReference; lastKnownFileType = sourcecode.swift; path = VideoDataStore.swift; sourceTree = "<group>"; };
		07EA722122E8605E00B14A60 /* ISHPullUp.framework */ = {isa = PBXFileReference; lastKnownFileType = wrapper.framework; name = ISHPullUp.framework; path = Carthage/Build/iOS/ISHPullUp.framework; sourceTree = "<group>"; };
		07EA722422E861A700B14A60 /* ContainerViewController.swift */ = {isa = PBXFileReference; lastKnownFileType = sourcecode.swift; path = ContainerViewController.swift; sourceTree = "<group>"; };
/* End PBXFileReference section */

/* Begin PBXFrameworksBuildPhase section */
		0758523E22E5A2F2008CE1E1 /* Frameworks */ = {
			isa = PBXFrameworksBuildPhase;
			buildActionMask = 2147483647;
			files = (
				07EA71C422E76B2500B14A60 /* OneSignal.framework in Frameworks */,
				07EA722222E8605E00B14A60 /* ISHPullUp.framework in Frameworks */,
			);
			runOnlyForDeploymentPostprocessing = 0;
		};
		0758525522E5A2F3008CE1E1 /* Frameworks */ = {
			isa = PBXFrameworksBuildPhase;
			buildActionMask = 2147483647;
			files = (
			);
			runOnlyForDeploymentPostprocessing = 0;
		};
/* End PBXFrameworksBuildPhase section */

/* Begin PBXGroup section */
		0758523822E5A2F2008CE1E1 = {
			isa = PBXGroup;
			children = (
				07EA722122E8605E00B14A60 /* ISHPullUp.framework */,
				07EA71C322E76B2400B14A60 /* OneSignal.framework */,
				0758524322E5A2F2008CE1E1 /* VODApp */,
				0758525B22E5A2F3008CE1E1 /* VODAppTests */,
				0758524222E5A2F2008CE1E1 /* Products */,
			);
			sourceTree = "<group>";
		};
		0758524222E5A2F2008CE1E1 /* Products */ = {
			isa = PBXGroup;
			children = (
				0758524122E5A2F2008CE1E1 /* VODApp.app */,
				0758525822E5A2F3008CE1E1 /* VODAppTests.xctest */,
			);
			name = Products;
			sourceTree = "<group>";
		};
		0758524322E5A2F2008CE1E1 /* VODApp */ = {
			isa = PBXGroup;
			children = (
				07EA71C822E76B9100B14A60 /* VODApp.entitlements */,
				0758527C22E5BBBE008CE1E1 /* Resource */,
				0758526722E5A83B008CE1E1 /* Source */,
				0758524422E5A2F2008CE1E1 /* AppDelegate.swift */,
				0758524822E5A2F2008CE1E1 /* Main.storyboard */,
				0758524E22E5A2F3008CE1E1 /* Assets.xcassets */,
				0758525022E5A2F3008CE1E1 /* LaunchScreen.storyboard */,
				0758525322E5A2F3008CE1E1 /* Info.plist */,
				0758524B22E5A2F2008CE1E1 /* VODApp.xcdatamodeld */,
			);
			path = VODApp;
			sourceTree = "<group>";
		};
		0758525B22E5A2F3008CE1E1 /* VODAppTests */ = {
			isa = PBXGroup;
			children = (
				0758525C22E5A2F3008CE1E1 /* VODAppTests.swift */,
				0758525E22E5A2F3008CE1E1 /* Info.plist */,
			);
			path = VODAppTests;
			sourceTree = "<group>";
		};
		0758526722E5A83B008CE1E1 /* Source */ = {
			isa = PBXGroup;
			children = (
				07EA71E422E7BC4900B14A60 /* View */,
				07EA71DF22E7A44500B14A60 /* DAL */,
				07EA71CB22E796C300B14A60 /* Common */,
				07EA71CA22E796B500B14A60 /* Constants */,
				07EA71C922E796A900B14A60 /* Extensions */,
				0758526822E5A844008CE1E1 /* Network */,
				0758526A22E5A862008CE1E1 /* Lib */,
				0758526922E5A85A008CE1E1 /* Model */,
			);
			path = Source;
			sourceTree = "<group>";
		};
		0758526822E5A844008CE1E1 /* Network */ = {
			isa = PBXGroup;
			children = (
				0758528322E5CB42008CE1E1 /* DownloadService.swift */,
				0758528722E5CC07008CE1E1 /* DServiceSessionDelegate.swift */,
			);
			path = Network;
			sourceTree = "<group>";
		};
		0758526922E5A85A008CE1E1 /* Model */ = {
			isa = PBXGroup;
			children = (
				0758527A22E5B6E7008CE1E1 /* PlayListItemVO.swift */,
				0758528522E5CB9B008CE1E1 /* Download.swift */,
			);
			path = Model;
			sourceTree = "<group>";
		};
		0758526A22E5A862008CE1E1 /* Lib */ = {
			isa = PBXGroup;
			children = (
				07EA71F022E7D56800B14A60 /* VersaPlayer */,
				0758527222E5A9F2008CE1E1 /* SimRemoteNotifications */,
			);
			path = Lib;
			sourceTree = "<group>";
		};
		0758527222E5A9F2008CE1E1 /* SimRemoteNotifications */ = {
			isa = PBXGroup;
			children = (
				0758527822E5AA0F008CE1E1 /* UIApplication+SimulatorRemoteNotifications.h */,
				0758527722E5AA0F008CE1E1 /* UIApplication+SimulatorRemoteNotifications.m */,
				0758527422E5AA05008CE1E1 /* ACSimulatorRemoteNotificationsService.h */,
				0758527522E5AA06008CE1E1 /* ACSimulatorRemoteNotificationsService.m */,
				0758527322E5AA05008CE1E1 /* VODApp-Bridging-Header.h */,
			);
			path = SimRemoteNotifications;
			sourceTree = "<group>";
		};
		0758527C22E5BBBE008CE1E1 /* Resource */ = {
			isa = PBXGroup;
			children = (
				07EA71CC22E796E700B14A60 /* Fonts */,
				0758527D22E5BBDB008CE1E1 /* playlist.json */,
				0758527E22E5BC08008CE1E1 /* payload.json */,
			);
			path = Resource;
			sourceTree = "<group>";
		};
		07EA71C922E796A900B14A60 /* Extensions */ = {
			isa = PBXGroup;
			children = (
				07EA71CD22E79B2200B14A60 /* String+Helper.swift */,
				07EA71CF22E79B3D00B14A60 /* Notification+Constants.swift */,
				07EA71D122E79B6E00B14A60 /* UIColor+Helpers.swift */,
				07EA71D522E79C6400B14A60 /* UIFont+Types.swift */,
				07EA71DB22E79E9E00B14A60 /* AppDelegate+Functions.swift */,
				07EA71DD22E79F8200B14A60 /* AppDelegate+Push.swift */,
			);
			path = Extensions;
			sourceTree = "<group>";
		};
		07EA71CA22E796B500B14A60 /* Constants */ = {
			isa = PBXGroup;
			children = (
				07EA71D922E79D5A00B14A60 /* Constants.swift */,
			);
			path = Constants;
			sourceTree = "<group>";
		};
		07EA71CB22E796C300B14A60 /* Common */ = {
			isa = PBXGroup;
			children = (
				07EA71D322E79C0F00B14A60 /* Fonts.swift */,
				07EA71D722E79CC800B14A60 /* Color.swift */,
			);
			path = Common;
			sourceTree = "<group>";
		};
		07EA71CC22E796E700B14A60 /* Fonts */ = {
			isa = PBXGroup;
			children = (
			);
			name = Fonts;
			sourceTree = "<group>";
		};
		07EA71DF22E7A44500B14A60 /* DAL */ = {
			isa = PBXGroup;
			children = (
				07EA71E022E7A60300B14A60 /* PlayListRepository.swift */,
				07EA71E222E7A72400B14A60 /* CoreDataDAO.swift */,
				07EA721D22E851BE00B14A60 /* VideoDataStore.swift */,
			);
			path = DAL;
			sourceTree = "<group>";
		};
		07EA71E422E7BC4900B14A60 /* View */ = {
			isa = PBXGroup;
			children = (
				0758524622E5A2F2008CE1E1 /* MainViewController.swift */,
				07EA71E522E7BCE800B14A60 /* PlayListViewController.swift */,
				07EA722422E861A700B14A60 /* ContainerViewController.swift */,
			);
			path = View;
			sourceTree = "<group>";
		};
		07EA71F022E7D56800B14A60 /* VersaPlayer */ = {
			isa = PBXGroup;
			children = (
				07EA71FD22E7D58D00B14A60 /* Core */,
				07EA71F122E7D58D00B14A60 /* VersaPlayerControls */,
				07EA71FC22E7D58D00B14A60 /* VersaPlayerView.swift */,
			);
			path = VersaPlayer;
			sourceTree = "<group>";
		};
		07EA71F122E7D58D00B14A60 /* VersaPlayerControls */ = {
			isa = PBXGroup;
			children = (
				07EA71F222E7D58D00B14A60 /* Core */,
				07EA71F622E7D58D00B14A60 /* Controls */,
				07EA71FA22E7D58D00B14A60 /* VersaPlayerControls.swift */,
				07EA71FB22E7D58D00B14A60 /* VersaPlayerControlsCoordinator.swift */,
			);
			name = VersaPlayerControls;
			path = Carthage/Checkouts/VersaPlayer/VersaPlayer/Classes/Source/VersaPlayerControls;
			sourceTree = SOURCE_ROOT;
		};
		07EA71F222E7D58D00B14A60 /* Core */ = {
			isa = PBXGroup;
			children = (
				07EA71F322E7D58D00B14A60 /* VersaPlayerControlsBehaviour.swift */,
				07EA71F422E7D58D00B14A60 /* VersaPlayerGestureRecieverView.swift */,
				07EA71F522E7D58D00B14A60 /* VersaPlayerGestureRecieverViewDelegate.swift */,
			);
			path = Core;
			sourceTree = "<group>";
		};
		07EA71F622E7D58D00B14A60 /* Controls */ = {
			isa = PBXGroup;
			children = (
				07EA71F722E7D58D00B14A60 /* VersaTimeLabel.swift */,
				07EA71F822E7D58D00B14A60 /* VersaStatefulButton.swift */,
				07EA71F922E7D58D00B14A60 /* VersaSeekbarSlider.swift */,
			);
			path = Controls;
			sourceTree = "<group>";
		};
		07EA71FD22E7D58D00B14A60 /* Core */ = {
			isa = PBXGroup;
			children = (
				07EA71FE22E7D58D00B14A60 /* Enums */,
				07EA720022E7D58D00B14A60 /* Rendering */,
				07EA720222E7D58D00B14A60 /* Protocols */,
				07EA720622E7D58D00B14A60 /* Player */,
			);
			name = Core;
			path = Carthage/Checkouts/VersaPlayer/VersaPlayer/Classes/Source/Core;
			sourceTree = SOURCE_ROOT;
		};
		07EA71FE22E7D58D00B14A60 /* Enums */ = {
			isa = PBXGroup;
			children = (
				07EA71FF22E7D58D00B14A60 /* VersaPlayerPlaybackError.swift */,
			);
			path = Enums;
			sourceTree = "<group>";
		};
		07EA720022E7D58D00B14A60 /* Rendering */ = {
			isa = PBXGroup;
			children = (
				07EA720122E7D58D00B14A60 /* VersaPlayerRenderingView.swift */,
			);
			path = Rendering;
			sourceTree = "<group>";
		};
		07EA720222E7D58D00B14A60 /* Protocols */ = {
			isa = PBXGroup;
			children = (
				07EA720322E7D58D00B14A60 /* VersaPlayerDecryptionDelegate.swift */,
				07EA720422E7D58D00B14A60 /* VersaPlayerPlaybackDelegate.swift */,
				07EA720522E7D58D00B14A60 /* VersaPlayerExtension.swift */,
			);
			path = Protocols;
			sourceTree = "<group>";
		};
		07EA720622E7D58D00B14A60 /* Player */ = {
			isa = PBXGroup;
			children = (
				07EA720722E7D58D00B14A60 /* VersaPlayerMediaTrack.swift */,
				07EA720822E7D58D00B14A60 /* VersaPlayer.swift */,
				07EA720922E7D58D00B14A60 /* VersaPlayerCaptionStyling.swift */,
				07EA720A22E7D58D00B14A60 /* VersaPlayerItem.swift */,
			);
			path = Player;
			sourceTree = "<group>";
		};
/* End PBXGroup section */

/* Begin PBXNativeTarget section */
		0758524022E5A2F2008CE1E1 /* VODApp */ = {
			isa = PBXNativeTarget;
			buildConfigurationList = 0758526122E5A2F3008CE1E1 /* Build configuration list for PBXNativeTarget "VODApp" */;
			buildPhases = (
				0758523D22E5A2F2008CE1E1 /* Sources */,
				0758523E22E5A2F2008CE1E1 /* Frameworks */,
				0758523F22E5A2F2008CE1E1 /* Resources */,
				07EA71C622E76B2500B14A60 /* Embed Frameworks */,
				07EA71C722E76B2B00B14A60 /* Carthage */,
			);
			buildRules = (
			);
			dependencies = (
			);
			name = VODApp;
			productName = VODApp;
			productReference = 0758524122E5A2F2008CE1E1 /* VODApp.app */;
			productType = "com.apple.product-type.application";
		};
		0758525722E5A2F3008CE1E1 /* VODAppTests */ = {
			isa = PBXNativeTarget;
			buildConfigurationList = 0758526422E5A2F3008CE1E1 /* Build configuration list for PBXNativeTarget "VODAppTests" */;
			buildPhases = (
				0758525422E5A2F3008CE1E1 /* Sources */,
				0758525522E5A2F3008CE1E1 /* Frameworks */,
				0758525622E5A2F3008CE1E1 /* Resources */,
			);
			buildRules = (
			);
			dependencies = (
				0758525A22E5A2F3008CE1E1 /* PBXTargetDependency */,
			);
			name = VODAppTests;
			productName = VODAppTests;
			productReference = 0758525822E5A2F3008CE1E1 /* VODAppTests.xctest */;
			productType = "com.apple.product-type.bundle.unit-test";
		};
/* End PBXNativeTarget section */

/* Begin PBXProject section */
		0758523922E5A2F2008CE1E1 /* Project object */ = {
			isa = PBXProject;
			attributes = {
				LastSwiftUpdateCheck = 1020;
				LastUpgradeCheck = 1020;
				ORGANIZATIONNAME = Home;
				TargetAttributes = {
					0758524022E5A2F2008CE1E1 = {
						CreatedOnToolsVersion = 10.2.1;
						LastSwiftMigration = 1020;
						SystemCapabilities = {
							com.apple.BackgroundModes = {
								enabled = 1;
							};
							com.apple.Push = {
								enabled = 1;
							};
						};
					};
					0758525722E5A2F3008CE1E1 = {
						CreatedOnToolsVersion = 10.2.1;
						TestTargetID = 0758524022E5A2F2008CE1E1;
					};
				};
			};
			buildConfigurationList = 0758523C22E5A2F2008CE1E1 /* Build configuration list for PBXProject "VODApp" */;
			compatibilityVersion = "Xcode 9.3";
			developmentRegion = en;
			hasScannedForEncodings = 0;
			knownRegions = (
				en,
				Base,
			);
			mainGroup = 0758523822E5A2F2008CE1E1;
			productRefGroup = 0758524222E5A2F2008CE1E1 /* Products */;
			projectDirPath = "";
			projectRoot = "";
			targets = (
				0758524022E5A2F2008CE1E1 /* VODApp */,
				0758525722E5A2F3008CE1E1 /* VODAppTests */,
			);
		};
/* End PBXProject section */

/* Begin PBXResourcesBuildPhase section */
		0758523F22E5A2F2008CE1E1 /* Resources */ = {
			isa = PBXResourcesBuildPhase;
			buildActionMask = 2147483647;
			files = (
				0758525222E5A2F3008CE1E1 /* LaunchScreen.storyboard in Resources */,
				0758524F22E5A2F3008CE1E1 /* Assets.xcassets in Resources */,
				0758524A22E5A2F2008CE1E1 /* Main.storyboard in Resources */,
				0758528022E5BD9C008CE1E1 /* playlist.json in Resources */,
			);
			runOnlyForDeploymentPostprocessing = 0;
		};
		0758525622E5A2F3008CE1E1 /* Resources */ = {
			isa = PBXResourcesBuildPhase;
			buildActionMask = 2147483647;
			files = (
				0758527F22E5BD67008CE1E1 /* playlist.json in Resources */,
			);
			runOnlyForDeploymentPostprocessing = 0;
		};
/* End PBXResourcesBuildPhase section */

/* Begin PBXShellScriptBuildPhase section */
		07EA71C722E76B2B00B14A60 /* Carthage */ = {
			isa = PBXShellScriptBuildPhase;
			buildActionMask = 2147483647;
			files = (
			);
			inputFileListPaths = (
			);
			inputPaths = (
				"$(SRCROOT)/Carthage/Build/iOS/OneSignal.framework",
				"$(SRCROOT)/Carthage/Build/iOS/ISHPullUp.framework",
			);
			name = Carthage;
			outputFileListPaths = (
			);
			outputPaths = (
			);
			runOnlyForDeploymentPostprocessing = 0;
			shellPath = /bin/sh;
			shellScript = "# Type a script or drag a script file from your workspace to insert its path.\n/usr/local/bin/carthage copy-frameworks\n";
		};
/* End PBXShellScriptBuildPhase section */

/* Begin PBXSourcesBuildPhase section */
		0758523D22E5A2F2008CE1E1 /* Sources */ = {
			isa = PBXSourcesBuildPhase;
			buildActionMask = 2147483647;
			files = (
				07EA721522E7D58D00B14A60 /* VersaPlayerRenderingView.swift in Sources */,
				07EA71D022E79B3D00B14A60 /* Notification+Constants.swift in Sources */,
				07EA720E22E7D58D00B14A60 /* VersaTimeLabel.swift in Sources */,
				07EA721422E7D58D00B14A60 /* VersaPlayerPlaybackError.swift in Sources */,
				0758524722E5A2F2008CE1E1 /* MainViewController.swift in Sources */,
				07EA721222E7D58D00B14A60 /* VersaPlayerControlsCoordinator.swift in Sources */,
				07EA71D422E79C0F00B14A60 /* Fonts.swift in Sources */,
				0758528422E5CB42008CE1E1 /* DownloadService.swift in Sources */,
				0758527622E5AA06008CE1E1 /* ACSimulatorRemoteNotificationsService.m in Sources */,
				07EA721922E7D58D00B14A60 /* VersaPlayerMediaTrack.swift in Sources */,
				07EA721122E7D58D00B14A60 /* VersaPlayerControls.swift in Sources */,
				07EA721C22E7D58D00B14A60 /* VersaPlayerItem.swift in Sources */,
				0758524522E5A2F2008CE1E1 /* AppDelegate.swift in Sources */,
				07EA71D622E79C6400B14A60 /* UIFont+Types.swift in Sources */,
				07EA71DA22E79D5A00B14A60 /* Constants.swift in Sources */,
				07EA71CE22E79B2200B14A60 /* String+Helper.swift in Sources */,
				07EA71D822E79CC800B14A60 /* Color.swift in Sources */,
				07EA722522E861A700B14A60 /* ContainerViewController.swift in Sources */,
				07EA71E322E7A72400B14A60 /* CoreDataDAO.swift in Sources */,
				07EA71E122E7A60300B14A60 /* PlayListRepository.swift in Sources */,
				07EA721822E7D58D00B14A60 /* VersaPlayerExtension.swift in Sources */,
				0758528622E5CB9B008CE1E1 /* Download.swift in Sources */,
				07EA721722E7D58D00B14A60 /* VersaPlayerPlaybackDelegate.swift in Sources */,
				07EA721A22E7D58D00B14A60 /* VersaPlayer.swift in Sources */,
				07EA721B22E7D58D00B14A60 /* VersaPlayerCaptionStyling.swift in Sources */,
				07EA71D222E79B6E00B14A60 /* UIColor+Helpers.swift in Sources */,
				07EA721322E7D58D00B14A60 /* VersaPlayerView.swift in Sources */,
				07EA71E622E7BCE800B14A60 /* PlayListViewController.swift in Sources */,
				07EA720D22E7D58D00B14A60 /* VersaPlayerGestureRecieverViewDelegate.swift in Sources */,
				0758524D22E5A2F2008CE1E1 /* VODApp.xcdatamodeld in Sources */,
				07EA720C22E7D58D00B14A60 /* VersaPlayerGestureRecieverView.swift in Sources */,
				07EA71DE22E79F8200B14A60 /* AppDelegate+Push.swift in Sources */,
				07EA721022E7D58D00B14A60 /* VersaSeekbarSlider.swift in Sources */,
				07EA721622E7D58D00B14A60 /* VersaPlayerDecryptionDelegate.swift in Sources */,
				0758527B22E5B6E7008CE1E1 /* PlayListItemVO.swift in Sources */,
				0758527922E5AA0F008CE1E1 /* UIApplication+SimulatorRemoteNotifications.m in Sources */,
				07EA71DC22E79E9E00B14A60 /* AppDelegate+Functions.swift in Sources */,
				07EA721E22E851BE00B14A60 /* VideoDataStore.swift in Sources */,
				07EA720B22E7D58D00B14A60 /* VersaPlayerControlsBehaviour.swift in Sources */,
				0758528822E5CC07008CE1E1 /* DServiceSessionDelegate.swift in Sources */,
				07EA720F22E7D58D00B14A60 /* VersaStatefulButton.swift in Sources */,
			);
			runOnlyForDeploymentPostprocessing = 0;
		};
		0758525422E5A2F3008CE1E1 /* Sources */ = {
			isa = PBXSourcesBuildPhase;
			buildActionMask = 2147483647;
			files = (
				0758525D22E5A2F3008CE1E1 /* VODAppTests.swift in Sources */,
			);
			runOnlyForDeploymentPostprocessing = 0;
		};
/* End PBXSourcesBuildPhase section */

/* Begin PBXTargetDependency section */
		0758525A22E5A2F3008CE1E1 /* PBXTargetDependency */ = {
			isa = PBXTargetDependency;
			target = 0758524022E5A2F2008CE1E1 /* VODApp */;
			targetProxy = 0758525922E5A2F3008CE1E1 /* PBXContainerItemProxy */;
		};
/* End PBXTargetDependency section */

/* Begin PBXVariantGroup section */
		0758524822E5A2F2008CE1E1 /* Main.storyboard */ = {
			isa = PBXVariantGroup;
			children = (
				0758524922E5A2F2008CE1E1 /* Base */,
			);
			name = Main.storyboard;
			sourceTree = "<group>";
		};
		0758525022E5A2F3008CE1E1 /* LaunchScreen.storyboard */ = {
			isa = PBXVariantGroup;
			children = (
				0758525122E5A2F3008CE1E1 /* Base */,
			);
			name = LaunchScreen.storyboard;
			sourceTree = "<group>";
		};
/* End PBXVariantGroup section */

/* Begin XCBuildConfiguration section */
		0758525F22E5A2F3008CE1E1 /* Debug */ = {
			isa = XCBuildConfiguration;
			buildSettings = {
				ALWAYS_SEARCH_USER_PATHS = NO;
				CLANG_ANALYZER_NONNULL = YES;
				CLANG_ANALYZER_NUMBER_OBJECT_CONVERSION = YES_AGGRESSIVE;
				CLANG_CXX_LANGUAGE_STANDARD = "gnu++14";
				CLANG_CXX_LIBRARY = "libc++";
				CLANG_ENABLE_MODULES = YES;
				CLANG_ENABLE_OBJC_ARC = YES;
				CLANG_ENABLE_OBJC_WEAK = YES;
				CLANG_WARN_BLOCK_CAPTURE_AUTORELEASING = YES;
				CLANG_WARN_BOOL_CONVERSION = YES;
				CLANG_WARN_COMMA = YES;
				CLANG_WARN_CONSTANT_CONVERSION = YES;
				CLANG_WARN_DEPRECATED_OBJC_IMPLEMENTATIONS = YES;
				CLANG_WARN_DIRECT_OBJC_ISA_USAGE = YES_ERROR;
				CLANG_WARN_DOCUMENTATION_COMMENTS = YES;
				CLANG_WARN_EMPTY_BODY = YES;
				CLANG_WARN_ENUM_CONVERSION = YES;
				CLANG_WARN_INFINITE_RECURSION = YES;
				CLANG_WARN_INT_CONVERSION = YES;
				CLANG_WARN_NON_LITERAL_NULL_CONVERSION = YES;
				CLANG_WARN_OBJC_IMPLICIT_RETAIN_SELF = YES;
				CLANG_WARN_OBJC_LITERAL_CONVERSION = YES;
				CLANG_WARN_OBJC_ROOT_CLASS = YES_ERROR;
				CLANG_WARN_RANGE_LOOP_ANALYSIS = YES;
				CLANG_WARN_STRICT_PROTOTYPES = YES;
				CLANG_WARN_SUSPICIOUS_MOVE = YES;
				CLANG_WARN_UNGUARDED_AVAILABILITY = YES_AGGRESSIVE;
				CLANG_WARN_UNREACHABLE_CODE = YES;
				CLANG_WARN__DUPLICATE_METHOD_MATCH = YES;
				CODE_SIGN_IDENTITY = "iPhone Developer";
				COPY_PHASE_STRIP = NO;
				DEBUG_INFORMATION_FORMAT = dwarf;
				ENABLE_STRICT_OBJC_MSGSEND = YES;
				ENABLE_TESTABILITY = YES;
				GCC_C_LANGUAGE_STANDARD = gnu11;
				GCC_DYNAMIC_NO_PIC = NO;
				GCC_NO_COMMON_BLOCKS = YES;
				GCC_OPTIMIZATION_LEVEL = 0;
				GCC_PREPROCESSOR_DEFINITIONS = (
					"DEBUG=1",
					"$(inherited)",
				);
				GCC_WARN_64_TO_32_BIT_CONVERSION = YES;
				GCC_WARN_ABOUT_RETURN_TYPE = YES_ERROR;
				GCC_WARN_UNDECLARED_SELECTOR = YES;
				GCC_WARN_UNINITIALIZED_AUTOS = YES_AGGRESSIVE;
				GCC_WARN_UNUSED_FUNCTION = YES;
				GCC_WARN_UNUSED_VARIABLE = YES;
				IPHONEOS_DEPLOYMENT_TARGET = 12.2;
				MTL_ENABLE_DEBUG_INFO = INCLUDE_SOURCE;
				MTL_FAST_MATH = YES;
				ONLY_ACTIVE_ARCH = YES;
				SDKROOT = iphoneos;
				SWIFT_ACTIVE_COMPILATION_CONDITIONS = DEBUG;
				SWIFT_OPTIMIZATION_LEVEL = "-Onone";
			};
			name = Debug;
		};
		0758526022E5A2F3008CE1E1 /* Release */ = {
			isa = XCBuildConfiguration;
			buildSettings = {
				ALWAYS_SEARCH_USER_PATHS = NO;
				CLANG_ANALYZER_NONNULL = YES;
				CLANG_ANALYZER_NUMBER_OBJECT_CONVERSION = YES_AGGRESSIVE;
				CLANG_CXX_LANGUAGE_STANDARD = "gnu++14";
				CLANG_CXX_LIBRARY = "libc++";
				CLANG_ENABLE_MODULES = YES;
				CLANG_ENABLE_OBJC_ARC = YES;
				CLANG_ENABLE_OBJC_WEAK = YES;
				CLANG_WARN_BLOCK_CAPTURE_AUTORELEASING = YES;
				CLANG_WARN_BOOL_CONVERSION = YES;
				CLANG_WARN_COMMA = YES;
				CLANG_WARN_CONSTANT_CONVERSION = YES;
				CLANG_WARN_DEPRECATED_OBJC_IMPLEMENTATIONS = YES;
				CLANG_WARN_DIRECT_OBJC_ISA_USAGE = YES_ERROR;
				CLANG_WARN_DOCUMENTATION_COMMENTS = YES;
				CLANG_WARN_EMPTY_BODY = YES;
				CLANG_WARN_ENUM_CONVERSION = YES;
				CLANG_WARN_INFINITE_RECURSION = YES;
				CLANG_WARN_INT_CONVERSION = YES;
				CLANG_WARN_NON_LITERAL_NULL_CONVERSION = YES;
				CLANG_WARN_OBJC_IMPLICIT_RETAIN_SELF = YES;
				CLANG_WARN_OBJC_LITERAL_CONVERSION = YES;
				CLANG_WARN_OBJC_ROOT_CLASS = YES_ERROR;
				CLANG_WARN_RANGE_LOOP_ANALYSIS = YES;
				CLANG_WARN_STRICT_PROTOTYPES = YES;
				CLANG_WARN_SUSPICIOUS_MOVE = YES;
				CLANG_WARN_UNGUARDED_AVAILABILITY = YES_AGGRESSIVE;
				CLANG_WARN_UNREACHABLE_CODE = YES;
				CLANG_WARN__DUPLICATE_METHOD_MATCH = YES;
				CODE_SIGN_IDENTITY = "iPhone Developer";
				COPY_PHASE_STRIP = NO;
				DEBUG_INFORMATION_FORMAT = "dwarf-with-dsym";
				ENABLE_NS_ASSERTIONS = NO;
				ENABLE_STRICT_OBJC_MSGSEND = YES;
				GCC_C_LANGUAGE_STANDARD = gnu11;
				GCC_NO_COMMON_BLOCKS = YES;
				GCC_WARN_64_TO_32_BIT_CONVERSION = YES;
				GCC_WARN_ABOUT_RETURN_TYPE = YES_ERROR;
				GCC_WARN_UNDECLARED_SELECTOR = YES;
				GCC_WARN_UNINITIALIZED_AUTOS = YES_AGGRESSIVE;
				GCC_WARN_UNUSED_FUNCTION = YES;
				GCC_WARN_UNUSED_VARIABLE = YES;
				IPHONEOS_DEPLOYMENT_TARGET = 12.2;
				MTL_ENABLE_DEBUG_INFO = NO;
				MTL_FAST_MATH = YES;
				SDKROOT = iphoneos;
				SWIFT_COMPILATION_MODE = wholemodule;
				SWIFT_OPTIMIZATION_LEVEL = "-O";
				VALIDATE_PRODUCT = YES;
			};
			name = Release;
		};
		0758526222E5A2F3008CE1E1 /* Debug */ = {
			isa = XCBuildConfiguration;
			buildSettings = {
				ASSETCATALOG_COMPILER_APPICON_NAME = AppIcon;
				CLANG_ENABLE_MODULES = YES;
				CODE_SIGN_ENTITLEMENTS = VODApp/VODApp.entitlements;
				CODE_SIGN_STYLE = Manual;
				DEVELOPMENT_TEAM = VVU2BQZ6F9;
				FRAMEWORK_SEARCH_PATHS = (
					"$(inherited)",
					"$(PROJECT_DIR)/Carthage/Build/iOS",
				);
				INFOPLIST_FILE = VODApp/Info.plist;
				LD_RUNPATH_SEARCH_PATHS = (
					"$(inherited)",
					"@executable_path/Frameworks",
				);
				PRODUCT_BUNDLE_IDENTIFIER = com.bcf.VODApp;
				PRODUCT_NAME = "$(TARGET_NAME)";
				PROVISIONING_PROFILE_SPECIFIER = "TelefonicaChallenge-Dev-Profile";
				SWIFT_OBJC_BRIDGING_HEADER = "$PROJECT_DIR/VODApp/Source/Lib/SimRemoteNotifications/VODApp-Bridging-Header.h";
				SWIFT_OPTIMIZATION_LEVEL = "-Onone";
				SWIFT_VERSION = 5.0;
				TARGETED_DEVICE_FAMILY = "1,2";
			};
			name = Debug;
		};
		0758526322E5A2F3008CE1E1 /* Release */ = {
			isa = XCBuildConfiguration;
			buildSettings = {
				ASSETCATALOG_COMPILER_APPICON_NAME = AppIcon;
				CLANG_ENABLE_MODULES = YES;
				CODE_SIGN_ENTITLEMENTS = VODApp/VODApp.entitlements;
				CODE_SIGN_STYLE = Manual;
				DEVELOPMENT_TEAM = "";
				FRAMEWORK_SEARCH_PATHS = (
					"$(inherited)",
					"$(PROJECT_DIR)/Carthage/Build/iOS",
				);
				INFOPLIST_FILE = VODApp/Info.plist;
				LD_RUNPATH_SEARCH_PATHS = (
					"$(inherited)",
					"@executable_path/Frameworks",
				);
				PRODUCT_BUNDLE_IDENTIFIER = com.bcf.VODApp;
				PRODUCT_NAME = "$(TARGET_NAME)";
				PROVISIONING_PROFILE_SPECIFIER = "";
				SWIFT_OBJC_BRIDGING_HEADER = "$PROJECT_DIR/VODApp/Source/Lib/SimRemoteNotifications/VODApp-Bridging-Header.h";
				SWIFT_VERSION = 5.0;
				TARGETED_DEVICE_FAMILY = "1,2";
			};
			name = Release;
		};
		0758526522E5A2F3008CE1E1 /* Debug */ = {
			isa = XCBuildConfiguration;
			buildSettings = {
				ALWAYS_EMBED_SWIFT_STANDARD_LIBRARIES = YES;
				BUNDLE_LOADER = "$(TEST_HOST)";
				CODE_SIGN_STYLE = Automatic;
				DEVELOPMENT_TEAM = VVU2BQZ6F9;
				INFOPLIST_FILE = VODAppTests/Info.plist;
				LD_RUNPATH_SEARCH_PATHS = (
					"$(inherited)",
					"@executable_path/Frameworks",
					"@loader_path/Frameworks",
				);
				PRODUCT_BUNDLE_IDENTIFIER = com.bcf.VODAppTests;
				PRODUCT_NAME = "$(TARGET_NAME)";
				SWIFT_VERSION = 5.0;
				TARGETED_DEVICE_FAMILY = "1,2";
				TEST_HOST = "$(BUILT_PRODUCTS_DIR)/VODApp.app/VODApp";
			};
			name = Debug;
		};
		0758526622E5A2F3008CE1E1 /* Release */ = {
			isa = XCBuildConfiguration;
			buildSettings = {
				ALWAYS_EMBED_SWIFT_STANDARD_LIBRARIES = YES;
				BUNDLE_LOADER = "$(TEST_HOST)";
				CODE_SIGN_STYLE = Automatic;
				DEVELOPMENT_TEAM = VVU2BQZ6F9;
				INFOPLIST_FILE = VODAppTests/Info.plist;
				LD_RUNPATH_SEARCH_PATHS = (
					"$(inherited)",
					"@executable_path/Frameworks",
					"@loader_path/Frameworks",
				);
				PRODUCT_BUNDLE_IDENTIFIER = com.bcf.VODAppTests;
				PRODUCT_NAME = "$(TARGET_NAME)";
				SWIFT_VERSION = 5.0;
				TARGETED_DEVICE_FAMILY = "1,2";
				TEST_HOST = "$(BUILT_PRODUCTS_DIR)/VODApp.app/VODApp";
			};
			name = Release;
		};
/* End XCBuildConfiguration section */

/* Begin XCConfigurationList section */
		0758523C22E5A2F2008CE1E1 /* Build configuration list for PBXProject "VODApp" */ = {
			isa = XCConfigurationList;
			buildConfigurations = (
				0758525F22E5A2F3008CE1E1 /* Debug */,
				0758526022E5A2F3008CE1E1 /* Release */,
			);
			defaultConfigurationIsVisible = 0;
			defaultConfigurationName = Release;
		};
		0758526122E5A2F3008CE1E1 /* Build configuration list for PBXNativeTarget "VODApp" */ = {
			isa = XCConfigurationList;
			buildConfigurations = (
				0758526222E5A2F3008CE1E1 /* Debug */,
				0758526322E5A2F3008CE1E1 /* Release */,
			);
			defaultConfigurationIsVisible = 0;
			defaultConfigurationName = Release;
		};
		0758526422E5A2F3008CE1E1 /* Build configuration list for PBXNativeTarget "VODAppTests" */ = {
			isa = XCConfigurationList;
			buildConfigurations = (
				0758526522E5A2F3008CE1E1 /* Debug */,
				0758526622E5A2F3008CE1E1 /* Release */,
			);
			defaultConfigurationIsVisible = 0;
			defaultConfigurationName = Release;
		};
/* End XCConfigurationList section */

/* Begin XCVersionGroup section */
		0758524B22E5A2F2008CE1E1 /* VODApp.xcdatamodeld */ = {
			isa = XCVersionGroup;
			children = (
				0758524C22E5A2F2008CE1E1 /* VODApp.xcdatamodel */,
			);
			currentVersion = 0758524C22E5A2F2008CE1E1 /* VODApp.xcdatamodel */;
			path = VODApp.xcdatamodeld;
			sourceTree = "<group>";
			versionGroupType = wrapper.xcdatamodel;
		};
/* End XCVersionGroup section */
	};
	rootObject = 0758523922E5A2F2008CE1E1 /* Project object */;
}
